
Microsoft Visual Studio Solution File, Format Version 12.00
# Visual Studio Version 17
VisualStudioVersion = 17.2.32630.192
MinimumVisualStudioVersion = 10.0.40219.1
Project("{FAE04EC0-301F-11D3-BF4B-00C04F79EFBC}") = "VariablesDemo1", "VariablesDemo1\VariablesDemo1.csproj", "{79AFC0F6-7B06-49BF-B703-E664FBBCA00C}"
EndProject
Project("{FAE04EC0-301F-11D3-BF4B-00C04F79EFBC}") = "StringDemo", "StringDemo\StringDemo.csproj", "{211784F4-B1CE-437F-9556-E29366297EE3}"
EndProject
Project("{FAE04EC0-301F-11D3-BF4B-00C04F79EFBC}") = "Variables Summary", "Variables Summary\Variables Summary.csproj", "{05C229F4-B1D3-4CC1-86E7-88D991C53C34}"
EndProject
Project("{FAE04EC0-301F-11D3-BF4B-00C04F79EFBC}") = "Conditionals", "Conditionals\Conditionals.csproj", "{0C86988D-30F3-4661-938A-47781EDE43AD}"
EndProject
Project("{FAE04EC0-301F-11D3-BF4B-00C04F79EFBC}") = "RoomCalculatorLab", "RoomCalculatorLab\RoomCalculatorLab.csproj", "{24437386-F17B-4B07-9CCF-77D63F6F3410}"
EndProject
Project("{FAE04EC0-301F-11D3-BF4B-00C04F79EFBC}") = "NumberAnalyzerLab", "NumberAnalyzerLab\NumberAnalyzerLab.csproj", "{DE5294A9-B671-455E-926B-B9DBC22EDB4C}"
EndProject
Project("{2150E333-8FDC-42A3-9474-1A3956D46DE8}") = "Solution Items", "Solution Items", "{3DF0C779-628F-48C2-83ED-14BE1A201599}"
	ProjectSection(SolutionItems) = preProject
		.gitignore = .gitignore
	EndProjectSection
EndProject
Global
	GlobalSection(SolutionConfigurationPlatforms) = preSolution
		Debug|Any CPU = Debug|Any CPU
		Release|Any CPU = Release|Any CPU
	EndGlobalSection
	GlobalSection(ProjectConfigurationPlatforms) = postSolution
		{79AFC0F6-7B06-49BF-B703-E664FBBCA00C}.Debug|Any CPU.ActiveCfg = Debug|Any CPU
		{79AFC0F6-7B06-49BF-B703-E664FBBCA00C}.Debug|Any CPU.Build.0 = Debug|Any CPU
		{79AFC0F6-7B06-49BF-B703-E664FBBCA00C}.Release|Any CPU.ActiveCfg = Release|Any CPU
		{79AFC0F6-7B06-49BF-B703-E664FBBCA00C}.Release|Any CPU.Build.0 = Release|Any CPU
		{211784F4-B1CE-437F-9556-E29366297EE3}.Debug|Any CPU.ActiveCfg = Debug|Any CPU
		{211784F4-B1CE-437F-9556-E29366297EE3}.Debug|Any CPU.Build.0 = Debug|Any CPU
		{211784F4-B1CE-437F-9556-E29366297EE3}.Release|Any CPU.ActiveCfg = Release|Any CPU
		{211784F4-B1CE-437F-9556-E29366297EE3}.Release|Any CPU.Build.0 = Release|Any CPU
		{05C229F4-B1D3-4CC1-86E7-88D991C53C34}.Debug|Any CPU.ActiveCfg = Debug|Any CPU
		{05C229F4-B1D3-4CC1-86E7-88D991C53C34}.Debug|Any CPU.Build.0 = Debug|Any CPU
		{05C229F4-B1D3-4CC1-86E7-88D991C53C34}.Release|Any CPU.ActiveCfg = Release|Any CPU
		{05C229F4-B1D3-4CC1-86E7-88D991C53C34}.Release|Any CPU.Build.0 = Release|Any CPU
		{0C86988D-30F3-4661-938A-47781EDE43AD}.Debug|Any CPU.ActiveCfg = Debug|Any CPU
		{0C86988D-30F3-4661-938A-47781EDE43AD}.Debug|Any CPU.Build.0 = Debug|Any CPU
		{0C86988D-30F3-4661-938A-47781EDE43AD}.Release|Any CPU.ActiveCfg = Release|Any CPU
		{0C86988D-30F3-4661-938A-47781EDE43AD}.Release|Any CPU.Build.0 = Release|Any CPU
		{24437386-F17B-4B07-9CCF-77D63F6F3410}.Debug|Any CPU.ActiveCfg = Debug|Any CPU
		{24437386-F17B-4B07-9CCF-77D63F6F3410}.Debug|Any CPU.Build.0 = Debug|Any CPU
		{24437386-F17B-4B07-9CCF-77D63F6F3410}.Release|Any CPU.ActiveCfg = Release|Any CPU
		{24437386-F17B-4B07-9CCF-77D63F6F3410}.Release|Any CPU.Build.0 = Release|Any CPU
		{DE5294A9-B671-455E-926B-B9DBC22EDB4C}.Debug|Any CPU.ActiveCfg = Debug|Any CPU
		{DE5294A9-B671-455E-926B-B9DBC22EDB4C}.Debug|Any CPU.Build.0 = Debug|Any CPU
		{DE5294A9-B671-455E-926B-B9DBC22EDB4C}.Release|Any CPU.ActiveCfg = Release|Any CPU
		{DE5294A9-B671-455E-926B-B9DBC22EDB4C}.Release|Any CPU.Build.0 = Release|Any CPU
	EndGlobalSection
	GlobalSection(SolutionProperties) = preSolution
		HideSolutionNode = FALSE
	EndGlobalSection
	GlobalSection(ExtensibilityGlobals) = postSolution
		SolutionGuid = {F63D9E8E-0EAE-441B-93D3-D7FB091E5236}
	EndGlobalSection
EndGlobal
