
Microsoft Visual Studio Solution File, Format Version 12.00
# Visual Studio Version 17
VisualStudioVersion = 17.2.32630.192
MinimumVisualStudioVersion = 10.0.40219.1
Project("{9A19103F-16F7-4668-BE54-9A1E7A4F7556}") = "VariablesDemo1", "VariablesDemo1\VariablesDemo1.csproj", "{79AFC0F6-7B06-49BF-B703-E664FBBCA00C}"
EndProject
Project("{9A19103F-16F7-4668-BE54-9A1E7A4F7556}") = "StringDemo", "StringDemo\StringDemo.csproj", "{211784F4-B1CE-437F-9556-E29366297EE3}"
EndProject
Project("{9A19103F-16F7-4668-BE54-9A1E7A4F7556}") = "Variables Summary", "Variables Summary\Variables Summary.csproj", "{05C229F4-B1D3-4CC1-86E7-88D991C53C34}"
EndProject
Project("{9A19103F-16F7-4668-BE54-9A1E7A4F7556}") = "Conditionals", "Conditionals\Conditionals.csproj", "{0C86988D-30F3-4661-938A-47781EDE43AD}"
EndProject
Project("{9A19103F-16F7-4668-BE54-9A1E7A4F7556}") = "RoomCalculatorLab", "RoomCalculatorLab\RoomCalculatorLab.csproj", "{24437386-F17B-4B07-9CCF-77D63F6F3410}"
EndProject
Project("{9A19103F-16F7-4668-BE54-9A1E7A4F7556}") = "NumberAnalyzerLab", "NumberAnalyzerLab\NumberAnalyzerLab.csproj", "{DE5294A9-B671-455E-926B-B9DBC22EDB4C}"
EndProject
Project("{2150E333-8FDC-42A3-9474-1A3956D46DE8}") = "Solution Items", "Solution Items", "{3DF0C779-628F-48C2-83ED-14BE1A201599}"
	ProjectSection(SolutionItems) = preProject
		.gitignore = .gitignore
	EndProjectSection
EndProject
Project("{9A19103F-16F7-4668-BE54-9A1E7A4F7556}") = "LoopsDemo", "LoopsDemo\LoopsDemo.csproj", "{FA727BB9-5D2F-43F2-B0C2-9D2F3948545A}"
EndProject
Project("{9A19103F-16F7-4668-BE54-9A1E7A4F7556}") = "GoAgain", "GoAgain\GoAgain.csproj", "{EF6CE712-1DB3-483C-9CF0-2B19406EFFAC}"
EndProject
Project("{9A19103F-16F7-4668-BE54-9A1E7A4F7556}") = "SwitchDemo", "SwitchDemo\SwitchDemo.csproj", "{91A9DF71-76CB-4B85-8CF8-EAD433211479}"
EndProject
Project("{9A19103F-16F7-4668-BE54-9A1E7A4F7556}") = "Shapes", "Shapes\Shapes.csproj", "{4B1D0F76-7F0B-4648-9FCD-02B3D155F245}"
EndProject
Project("{9A19103F-16F7-4668-BE54-9A1E7A4F7556}") = "PowersTablesLab", "PowersTablesLab\PowersTablesLab.csproj", "{2CD8DC31-8B01-4CDC-83A1-D0D4929590EE}"
EndProject
Project("{9A19103F-16F7-4668-BE54-9A1E7A4F7556}") = "MethodsDemo", "MethodsDemo\MethodsDemo.csproj", "{1C0102A4-9C0E-4DBA-9E0E-275326ADE9F0}"
EndProject
Project("{9A19103F-16F7-4668-BE54-9A1E7A4F7556}") = "Method Demo 2", "Method Demo 2\Method Demo 2.csproj", "{6BF5E37B-1A8A-4D5D-B7C1-85EAEDF0C45A}"
EndProject
Project("{FAE04EC0-301F-11D3-BF4B-00C04F79EFBC}") = "RandomDemo", "RandomDemo\RandomDemo.csproj", "{83F3F9C6-F743-460B-B0F3-DAA4E4F58CEA}"
EndProject
Project("{FAE04EC0-301F-11D3-BF4B-00C04F79EFBC}") = "DiceRollerGame", "DiceRollerGame\DiceRollerGame.csproj", "{E3A19967-4B88-4441-88FB-F1CDF26E3F55}"
EndProject
Global
	GlobalSection(SolutionConfigurationPlatforms) = preSolution
		Debug|Any CPU = Debug|Any CPU
		Release|Any CPU = Release|Any CPU
	EndGlobalSection
	GlobalSection(ProjectConfigurationPlatforms) = postSolution
		{79AFC0F6-7B06-49BF-B703-E664FBBCA00C}.Debug|Any CPU.ActiveCfg = Debug|Any CPU
		{79AFC0F6-7B06-49BF-B703-E664FBBCA00C}.Debug|Any CPU.Build.0 = Debug|Any CPU
		{79AFC0F6-7B06-49BF-B703-E664FBBCA00C}.Release|Any CPU.ActiveCfg = Release|Any CPU
		{79AFC0F6-7B06-49BF-B703-E664FBBCA00C}.Release|Any CPU.Build.0 = Release|Any CPU
		{211784F4-B1CE-437F-9556-E29366297EE3}.Debug|Any CPU.ActiveCfg = Debug|Any CPU
		{211784F4-B1CE-437F-9556-E29366297EE3}.Debug|Any CPU.Build.0 = Debug|Any CPU
		{211784F4-B1CE-437F-9556-E29366297EE3}.Release|Any CPU.ActiveCfg = Release|Any CPU
		{211784F4-B1CE-437F-9556-E29366297EE3}.Release|Any CPU.Build.0 = Release|Any CPU
		{05C229F4-B1D3-4CC1-86E7-88D991C53C34}.Debug|Any CPU.ActiveCfg = Debug|Any CPU
		{05C229F4-B1D3-4CC1-86E7-88D991C53C34}.Debug|Any CPU.Build.0 = Debug|Any CPU
		{05C229F4-B1D3-4CC1-86E7-88D991C53C34}.Release|Any CPU.ActiveCfg = Release|Any CPU
		{05C229F4-B1D3-4CC1-86E7-88D991C53C34}.Release|Any CPU.Build.0 = Release|Any CPU
		{0C86988D-30F3-4661-938A-47781EDE43AD}.Debug|Any CPU.ActiveCfg = Debug|Any CPU
		{0C86988D-30F3-4661-938A-47781EDE43AD}.Debug|Any CPU.Build.0 = Debug|Any CPU
		{0C86988D-30F3-4661-938A-47781EDE43AD}.Release|Any CPU.ActiveCfg = Release|Any CPU
		{0C86988D-30F3-4661-938A-47781EDE43AD}.Release|Any CPU.Build.0 = Release|Any CPU
		{24437386-F17B-4B07-9CCF-77D63F6F3410}.Debug|Any CPU.ActiveCfg = Debug|Any CPU
		{24437386-F17B-4B07-9CCF-77D63F6F3410}.Debug|Any CPU.Build.0 = Debug|Any CPU
		{24437386-F17B-4B07-9CCF-77D63F6F3410}.Release|Any CPU.ActiveCfg = Release|Any CPU
		{24437386-F17B-4B07-9CCF-77D63F6F3410}.Release|Any CPU.Build.0 = Release|Any CPU
		{DE5294A9-B671-455E-926B-B9DBC22EDB4C}.Debug|Any CPU.ActiveCfg = Debug|Any CPU
		{DE5294A9-B671-455E-926B-B9DBC22EDB4C}.Debug|Any CPU.Build.0 = Debug|Any CPU
		{DE5294A9-B671-455E-926B-B9DBC22EDB4C}.Release|Any CPU.ActiveCfg = Release|Any CPU
		{DE5294A9-B671-455E-926B-B9DBC22EDB4C}.Release|Any CPU.Build.0 = Release|Any CPU
		{FA727BB9-5D2F-43F2-B0C2-9D2F3948545A}.Debug|Any CPU.ActiveCfg = Debug|Any CPU
		{FA727BB9-5D2F-43F2-B0C2-9D2F3948545A}.Debug|Any CPU.Build.0 = Debug|Any CPU
		{FA727BB9-5D2F-43F2-B0C2-9D2F3948545A}.Release|Any CPU.ActiveCfg = Release|Any CPU
		{FA727BB9-5D2F-43F2-B0C2-9D2F3948545A}.Release|Any CPU.Build.0 = Release|Any CPU
		{EF6CE712-1DB3-483C-9CF0-2B19406EFFAC}.Debug|Any CPU.ActiveCfg = Debug|Any CPU
		{EF6CE712-1DB3-483C-9CF0-2B19406EFFAC}.Debug|Any CPU.Build.0 = Debug|Any CPU
		{EF6CE712-1DB3-483C-9CF0-2B19406EFFAC}.Release|Any CPU.ActiveCfg = Release|Any CPU
		{EF6CE712-1DB3-483C-9CF0-2B19406EFFAC}.Release|Any CPU.Build.0 = Release|Any CPU
		{91A9DF71-76CB-4B85-8CF8-EAD433211479}.Debug|Any CPU.ActiveCfg = Debug|Any CPU
		{91A9DF71-76CB-4B85-8CF8-EAD433211479}.Debug|Any CPU.Build.0 = Debug|Any CPU
		{91A9DF71-76CB-4B85-8CF8-EAD433211479}.Release|Any CPU.ActiveCfg = Release|Any CPU
		{91A9DF71-76CB-4B85-8CF8-EAD433211479}.Release|Any CPU.Build.0 = Release|Any CPU
		{4B1D0F76-7F0B-4648-9FCD-02B3D155F245}.Debug|Any CPU.ActiveCfg = Debug|Any CPU
		{4B1D0F76-7F0B-4648-9FCD-02B3D155F245}.Debug|Any CPU.Build.0 = Debug|Any CPU
		{4B1D0F76-7F0B-4648-9FCD-02B3D155F245}.Release|Any CPU.ActiveCfg = Release|Any CPU
		{4B1D0F76-7F0B-4648-9FCD-02B3D155F245}.Release|Any CPU.Build.0 = Release|Any CPU
		{2CD8DC31-8B01-4CDC-83A1-D0D4929590EE}.Debug|Any CPU.ActiveCfg = Debug|Any CPU
		{2CD8DC31-8B01-4CDC-83A1-D0D4929590EE}.Debug|Any CPU.Build.0 = Debug|Any CPU
		{2CD8DC31-8B01-4CDC-83A1-D0D4929590EE}.Release|Any CPU.ActiveCfg = Release|Any CPU
		{2CD8DC31-8B01-4CDC-83A1-D0D4929590EE}.Release|Any CPU.Build.0 = Release|Any CPU
		{1C0102A4-9C0E-4DBA-9E0E-275326ADE9F0}.Debug|Any CPU.ActiveCfg = Debug|Any CPU
		{1C0102A4-9C0E-4DBA-9E0E-275326ADE9F0}.Debug|Any CPU.Build.0 = Debug|Any CPU
		{1C0102A4-9C0E-4DBA-9E0E-275326ADE9F0}.Release|Any CPU.ActiveCfg = Release|Any CPU
		{1C0102A4-9C0E-4DBA-9E0E-275326ADE9F0}.Release|Any CPU.Build.0 = Release|Any CPU
		{6BF5E37B-1A8A-4D5D-B7C1-85EAEDF0C45A}.Debug|Any CPU.ActiveCfg = Debug|Any CPU
		{6BF5E37B-1A8A-4D5D-B7C1-85EAEDF0C45A}.Debug|Any CPU.Build.0 = Debug|Any CPU
		{6BF5E37B-1A8A-4D5D-B7C1-85EAEDF0C45A}.Release|Any CPU.ActiveCfg = Release|Any CPU
		{6BF5E37B-1A8A-4D5D-B7C1-85EAEDF0C45A}.Release|Any CPU.Build.0 = Release|Any CPU
		{83F3F9C6-F743-460B-B0F3-DAA4E4F58CEA}.Debug|Any CPU.ActiveCfg = Debug|Any CPU
		{83F3F9C6-F743-460B-B0F3-DAA4E4F58CEA}.Debug|Any CPU.Build.0 = Debug|Any CPU
		{83F3F9C6-F743-460B-B0F3-DAA4E4F58CEA}.Release|Any CPU.ActiveCfg = Release|Any CPU
		{83F3F9C6-F743-460B-B0F3-DAA4E4F58CEA}.Release|Any CPU.Build.0 = Release|Any CPU
		{E3A19967-4B88-4441-88FB-F1CDF26E3F55}.Debug|Any CPU.ActiveCfg = Debug|Any CPU
		{E3A19967-4B88-4441-88FB-F1CDF26E3F55}.Debug|Any CPU.Build.0 = Debug|Any CPU
		{E3A19967-4B88-4441-88FB-F1CDF26E3F55}.Release|Any CPU.ActiveCfg = Release|Any CPU
		{E3A19967-4B88-4441-88FB-F1CDF26E3F55}.Release|Any CPU.Build.0 = Release|Any CPU
	EndGlobalSection
	GlobalSection(SolutionProperties) = preSolution
		HideSolutionNode = FALSE
	EndGlobalSection
	GlobalSection(ExtensibilityGlobals) = postSolution
		SolutionGuid = {F63D9E8E-0EAE-441B-93D3-D7FB091E5236}
	EndGlobalSection
EndGlobal
